
Microsoft Visual Studio Solution File, Format Version 12.00
Project("{FAE04EC0-301F-11D3-BF4B-00C04F79EFBC}") = "NlogIssue", "NlogIssue.csproj", "{478DF4F1-AC8D-4D64-9EDD-617A03567298}"
EndProject
Global
	GlobalSection(SolutionConfigurationPlatforms) = preSolution
		Debug|Any CPU = Debug|Any CPU
		Release|Any CPU = Release|Any CPU
	EndGlobalSection
	GlobalSection(ProjectConfigurationPlatforms) = postSolution
		{478DF4F1-AC8D-4D64-9EDD-617A03567298}.Debug|Any CPU.ActiveCfg = Debug|Any CPU
		{478DF4F1-AC8D-4D64-9EDD-617A03567298}.Debug|Any CPU.Build.0 = Debug|Any CPU
		{478DF4F1-AC8D-4D64-9EDD-617A03567298}.Release|Any CPU.ActiveCfg = Release|Any CPU
		{478DF4F1-AC8D-4D64-9EDD-617A03567298}.Release|Any CPU.Build.0 = Release|Any CPU
	EndGlobalSection
EndGlobal
